Microsoft Visual Studio Solution File, Format Version 11.00
# Visual Studio 2008

Project("{E336F9BE-9066-C923-260D-3CA8DF7E8CFD}") = "TGame", "Assembly-CSharp-vs.csproj", "{AA106A64-A5DB-BA56-B869-A91D2C6D37AD}"
EndProject
Global
	GlobalSection(SolutionConfigurationPlatforms) = preSolution
		Debug|Any CPU = Debug|Any CPU
		Release|Any CPU = Release|Any CPU
	EndGlobalSection
	GlobalSection(ProjectConfigurationPlatforms) = postSolution
		{AA106A64-A5DB-BA56-B869-A91D2C6D37AD}.Debug|Any CPU.ActiveCfg = Debug|Any CPU
		{AA106A64-A5DB-BA56-B869-A91D2C6D37AD}.Debug|Any CPU.Build.0 = Debug|Any CPU
		{AA106A64-A5DB-BA56-B869-A91D2C6D37AD}.Release|Any CPU.ActiveCfg = Release|Any CPU
		{AA106A64-A5DB-BA56-B869-A91D2C6D37AD}.Release|Any CPU.Build.0 = Release|Any CPU
	EndGlobalSection
	GlobalSection(SolutionProperties) = preSolution
		HideSolutionNode = FALSE
	EndGlobalSection
																																								GlobalSection(MonoDevelopProperties) = preSolution
		StartupItem = Assembly-CSharp.csproj
		Policies = $0
		$0.TextStylePolicy = $1
		$1.inheritsSet = null
		$1.scope = text/x-csharp
		$0.CSharpFormattingPolicy = $2
		$2.inheritsSet = Mono
		$2.inheritsScope = text/x-csharp
		$2.scope = text/x-csharp
		$0.TextStylePolicy = $3
		$3.FileWidth = 120
		$3.TabWidth = 4
		$3.EolMarker = Unix
		$3.inheritsSet = Mono
		$3.inheritsScope = text/plain
		$3.scope = text/plain
	EndGlobalSection

EndGlobal
